
Microsoft Visual Studio Solution File, Format Version 12.00
# Visual Studio Version 17
VisualStudioVersion = 17.14.37328.6 d17.14
MinimumVisualStudioVersion = 10.0.40219.1
Project("{FAE04EC0-301F-11D3-BF4B-00C04F79EFBC}") = "SheachStore.WebApi", "SheachStore.WebApi.csproj", "{F1D598B7-DDE5-4137-87A1-AC072875E09E}"
EndProject
Global
	GlobalSection(SolutionConfigurationPlatforms) = preSolution
		Debug|Any CPU = Debug|Any CPU
		Release|Any CPU = Release|Any CPU
	EndGlobalSection
	GlobalSection(ProjectConfigurationPlatforms) = postSolution
		{F1D598B7-DDE5-4137-87A1-AC072875E09E}.Debug|Any CPU.ActiveCfg = Debug|Any CPU
		{F1D598B7-DDE5-4137-87A1-AC072875E09E}.Debug|Any CPU.Build.0 = Debug|Any CPU
		{F1D598B7-DDE5-4137-87A1-AC072875E09E}.Release|Any CPU.ActiveCfg = Release|Any CPU
		{F1D598B7-DDE5-4137-87A1-AC072875E09E}.Release|Any CPU.Build.0 = Release|Any CPU
	EndGlobalSection
	GlobalSection(SolutionProperties) = preSolution
		HideSolutionNode = FALSE
	EndGlobalSection
	GlobalSection(ExtensibilityGlobals) = postSolution
		SolutionGuid = {7F97F2AB-5C03-4BCB-86B8-A96C76195023}
	EndGlobalSection
EndGlobal
